
Microsoft Visual Studio Solution File, Format Version 12.00
# Visual Studio Version 17
VisualStudioVersion = 17.9.34723.18
MinimumVisualStudioVersion = 10.0.40219.1
Project("{9A19103F-16F7-4668-BE54-9A1E7A4F7556}") = "Trustsoft.ExcelOperation.Moje", "Trustsoft.ExcelOperation.Moje\Trustsoft.ExcelOperation.Moje.csproj", "{FBBE4E08-E195-4908-A77F-9B87879C8F33}"
EndProject
Project("{FAE04EC0-301F-11D3-BF4B-00C04F79EFBC}") = "TestExcel", "TestExcel\TestExcel.csproj", "{AA50691B-EF39-4567-A6D6-091E37EA0F50}"
EndProject
Global
	GlobalSection(SolutionConfigurationPlatforms) = preSolution
		Debug|Any CPU = Debug|Any CPU
		Release|Any CPU = Release|Any CPU
	EndGlobalSection
	GlobalSection(ProjectConfigurationPlatforms) = postSolution
		{FBBE4E08-E195-4908-A77F-9B87879C8F33}.Debug|Any CPU.ActiveCfg = Debug|Any CPU
		{FBBE4E08-E195-4908-A77F-9B87879C8F33}.Debug|Any CPU.Build.0 = Debug|Any CPU
		{FBBE4E08-E195-4908-A77F-9B87879C8F33}.Release|Any CPU.ActiveCfg = Release|Any CPU
		{FBBE4E08-E195-4908-A77F-9B87879C8F33}.Release|Any CPU.Build.0 = Release|Any CPU
		{AA50691B-EF39-4567-A6D6-091E37EA0F50}.Debug|Any CPU.ActiveCfg = Debug|Any CPU
		{AA50691B-EF39-4567-A6D6-091E37EA0F50}.Debug|Any CPU.Build.0 = Debug|Any CPU
		{AA50691B-EF39-4567-A6D6-091E37EA0F50}.Release|Any CPU.ActiveCfg = Release|Any CPU
		{AA50691B-EF39-4567-A6D6-091E37EA0F50}.Release|Any CPU.Build.0 = Release|Any CPU
	EndGlobalSection
	GlobalSection(SolutionProperties) = preSolution
		HideSolutionNode = FALSE
	EndGlobalSection
	GlobalSection(ExtensibilityGlobals) = postSolution
		SolutionGuid = {72B19A4F-4C10-402A-B3A6-F275244D09F3}
	EndGlobalSection
EndGlobal
